
Microsoft Visual Studio Solution File, Format Version 12.00
# Visual Studio Version 17
VisualStudioVersion = 17.0.31903.59
MinimumVisualStudioVersion = 10.0.40219.1
Project("{FAE04EC0-301F-11D3-BF4B-00C04F79EFBC}") = "LabDesk.Domain", "LabDesk.Domain\LabDesk.Domain.csproj", "{D3AE4CAD-5960-4BA6-8882-628B45013CF5}"
EndProject
Project("{FAE04EC0-301F-11D3-BF4B-00C04F79EFBC}") = "LabDesk.Infrastructure", "LabDesk.Infrastructure\LabDesk.Infrastructure.csproj", "{DB0A5FA3-E055-4282-80B2-7CC139122ED1}"
EndProject
Project("{FAE04EC0-301F-11D3-BF4B-00C04F79EFBC}") = "LabDesk.Api", "LabDesk.Api\LabDesk.Api.csproj", "{136E171F-E03E-41C4-AF65-2AA5EFB9FB8F}"
EndProject
Project("{FAE04EC0-301F-11D3-BF4B-00C04F79EFBC}") = "LabDesk.Tests", "LabDesk.Tests\LabDesk.Tests.csproj", "{84DDF528-933E-42BC-83E7-2E944319778E}"
EndProject
Global
	GlobalSection(SolutionConfigurationPlatforms) = preSolution
		Debug|Any CPU = Debug|Any CPU
		Debug|x64 = Debug|x64
		Debug|x86 = Debug|x86
		Release|Any CPU = Release|Any CPU
		Release|x64 = Release|x64
		Release|x86 = Release|x86
	EndGlobalSection
	GlobalSection(ProjectConfigurationPlatforms) = postSolution
		{D3AE4CAD-5960-4BA6-8882-628B45013CF5}.Debug|Any CPU.ActiveCfg = Debug|Any CPU
		{D3AE4CAD-5960-4BA6-8882-628B45013CF5}.Debug|Any CPU.Build.0 = Debug|Any CPU
		{D3AE4CAD-5960-4BA6-8882-628B45013CF5}.Debug|x64.ActiveCfg = Debug|Any CPU
		{D3AE4CAD-5960-4BA6-8882-628B45013CF5}.Debug|x64.Build.0 = Debug|Any CPU
		{D3AE4CAD-5960-4BA6-8882-628B45013CF5}.Debug|x86.ActiveCfg = Debug|Any CPU
		{D3AE4CAD-5960-4BA6-8882-628B45013CF5}.Debug|x86.Build.0 = Debug|Any CPU
		{D3AE4CAD-5960-4BA6-8882-628B45013CF5}.Release|Any CPU.ActiveCfg = Release|Any CPU
		{D3AE4CAD-5960-4BA6-8882-628B45013CF5}.Release|Any CPU.Build.0 = Release|Any CPU
		{D3AE4CAD-5960-4BA6-8882-628B45013CF5}.Release|x64.ActiveCfg = Release|Any CPU
		{D3AE4CAD-5960-4BA6-8882-628B45013CF5}.Release|x64.Build.0 = Release|Any CPU
		{D3AE4CAD-5960-4BA6-8882-628B45013CF5}.Release|x86.ActiveCfg = Release|Any CPU
		{D3AE4CAD-5960-4BA6-8882-628B45013CF5}.Release|x86.Build.0 = Release|Any CPU
		{DB0A5FA3-E055-4282-80B2-7CC139122ED1}.Debug|Any CPU.ActiveCfg = Debug|Any CPU
		{DB0A5FA3-E055-4282-80B2-7CC139122ED1}.Debug|Any CPU.Build.0 = Debug|Any CPU
		{DB0A5FA3-E055-4282-80B2-7CC139122ED1}.Debug|x64.ActiveCfg = Debug|Any CPU
		{DB0A5FA3-E055-4282-80B2-7CC139122ED1}.Debug|x64.Build.0 = Debug|Any CPU
		{DB0A5FA3-E055-4282-80B2-7CC139122ED1}.Debug|x86.ActiveCfg = Debug|Any CPU
		{DB0A5FA3-E055-4282-80B2-7CC139122ED1}.Debug|x86.Build.0 = Debug|Any CPU
		{DB0A5FA3-E055-4282-80B2-7CC139122ED1}.Release|Any CPU.ActiveCfg = Release|Any CPU
		{DB0A5FA3-E055-4282-80B2-7CC139122ED1}.Release|Any CPU.Build.0 = Release|Any CPU
		{DB0A5FA3-E055-4282-80B2-7CC139122ED1}.Release|x64.ActiveCfg = Release|Any CPU
		{DB0A5FA3-E055-4282-80B2-7CC139122ED1}.Release|x64.Build.0 = Release|Any CPU
		{DB0A5FA3-E055-4282-80B2-7CC139122ED1}.Release|x86.ActiveCfg = Release|Any CPU
		{DB0A5FA3-E055-4282-80B2-7CC139122ED1}.Release|x86.Build.0 = Release|Any CPU
		{136E171F-E03E-41C4-AF65-2AA5EFB9FB8F}.Debug|Any CPU.ActiveCfg = Debug|Any CPU
		{136E171F-E03E-41C4-AF65-2AA5EFB9FB8F}.Debug|Any CPU.Build.0 = Debug|Any CPU
		{136E171F-E03E-41C4-AF65-2AA5EFB9FB8F}.Debug|x64.ActiveCfg = Debug|Any CPU
		{136E171F-E03E-41C4-AF65-2AA5EFB9FB8F}.Debug|x64.Build.0 = Debug|Any CPU
		{136E171F-E03E-41C4-AF65-2AA5EFB9FB8F}.Debug|x86.ActiveCfg = Debug|Any CPU
		{136E171F-E03E-41C4-AF65-2AA5EFB9FB8F}.Debug|x86.Build.0 = Debug|Any CPU
		{136E171F-E03E-41C4-AF65-2AA5EFB9FB8F}.Release|Any CPU.ActiveCfg = Release|Any CPU
		{136E171F-E03E-41C4-AF65-2AA5EFB9FB8F}.Release|Any CPU.Build.0 = Release|Any CPU
		{136E171F-E03E-41C4-AF65-2AA5EFB9FB8F}.Release|x64.ActiveCfg = Release|Any CPU
		{136E171F-E03E-41C4-AF65-2AA5EFB9FB8F}.Release|x64.Build.0 = Release|Any CPU
		{136E171F-E03E-41C4-AF65-2AA5EFB9FB8F}.Release|x86.ActiveCfg = Release|Any CPU
		{136E171F-E03E-41C4-AF65-2AA5EFB9FB8F}.Release|x86.Build.0 = Release|Any CPU
		{84DDF528-933E-42BC-83E7-2E944319778E}.Debug|Any CPU.ActiveCfg = Debug|Any CPU
		{84DDF528-933E-42BC-83E7-2E944319778E}.Debug|Any CPU.Build.0 = Debug|Any CPU
		{84DDF528-933E-42BC-83E7-2E944319778E}.Debug|x64.ActiveCfg = Debug|Any CPU
		{84DDF528-933E-42BC-83E7-2E944319778E}.Debug|x64.Build.0 = Debug|Any CPU
		{84DDF528-933E-42BC-83E7-2E944319778E}.Debug|x86.ActiveCfg = Debug|Any CPU
		{84DDF528-933E-42BC-83E7-2E944319778E}.Debug|x86.Build.0 = Debug|Any CPU
		{84DDF528-933E-42BC-83E7-2E944319778E}.Release|Any CPU.ActiveCfg = Release|Any CPU
		{84DDF528-933E-42BC-83E7-2E944319778E}.Release|Any CPU.Build.0 = Release|Any CPU
		{84DDF528-933E-42BC-83E7-2E944319778E}.Release|x64.ActiveCfg = Release|Any CPU
		{84DDF528-933E-42BC-83E7-2E944319778E}.Release|x64.Build.0 = Release|Any CPU
		{84DDF528-933E-42BC-83E7-2E944319778E}.Release|x86.ActiveCfg = Release|Any CPU
		{84DDF528-933E-42BC-83E7-2E944319778E}.Release|x86.Build.0 = Release|Any CPU
	EndGlobalSection
	GlobalSection(SolutionProperties) = preSolution
		HideSolutionNode = FALSE
	EndGlobalSection
EndGlobal
